// !$*UTF8*$!
{
	archiveVersion = 1;
	classes = {
	};
	objectVersion = 77;
	objects = {

/* Begin PBXContainerItemProxy section */
		FE6D01E02D7F8152006E96F9 /* PBXContainerItemProxy */ = {
			isa = PBXContainerItemProxy;
			containerPortal = FE6D01C12D7F8152006E96F9 /* Project object */;
			proxyType = 1;
			remoteGlobalIDString = FE6D01C82D7F8152006E96F9;
			remoteInfo = EchoBeat;
		};
		FE6D01EA2D7F8152006E96F9 /* PBXContainerItemProxy */ = {
			isa = PBXContainerItemProxy;
			containerPortal = FE6D01C12D7F8152006E96F9 /* Project object */;
			proxyType = 1;
			remoteGlobalIDString = FE6D01C82D7F8152006E96F9;
			remoteInfo = EchoBeat;
		};
/* End PBXContainerItemProxy section */

/* Begin PBXFileReference section */
		FE6D01C92D7F8152006E96F9 /* EchoBeat.app */ = {isa = PBXFileReference; explicitFileType = wrapper.application; includeInIndex = 0; path = EchoBeat.app; sourceTree = BUILT_PRODUCTS_DIR; };
		FE6D01DF2D7F8152006E96F9 /* EchoBeatTests.xctest */ = {isa = PBXFileReference; explicitFileType = wrapper.cfbundle; includeInIndex = 0; path = EchoBeatTests.xctest; sourceTree = BUILT_PRODUCTS_DIR; };
		FE6D01E92D7F8152006E96F9 /* EchoBeatUITests.xctest */ = {isa = PBXFileReference; explicitFileType = wrapper.cfbundle; includeInIndex = 0; path = EchoBeatUITests.xctest; sourceTree = BUILT_PRODUCTS_DIR; };
/* End PBXFileReference section */

/* Begin PBXFileSystemSynchronizedBuildFileExceptionSet section */
		FE6D01F12D7F8152006E96F9 /* Exceptions for "EchoBeat" folder in "EchoBeat" target */ = {
			isa = PBXFileSystemSynchronizedBuildFileExceptionSet;
			membershipExceptions = (
				Info.plist,
			);
			target = FE6D01C82D7F8152006E96F9 /* EchoBeat */;
		};
/* End PBXFileSystemSynchronizedBuildFileExceptionSet section */

/* Begin PBXFileSystemSynchronizedRootGroup section */
		FE6D01CB2D7F8152006E96F9 /* EchoBeat */ = {
			isa = PBXFileSystemSynchronizedRootGroup;
			exceptions = (
				FE6D01F12D7F8152006E96F9 /* Exceptions for "EchoBeat" folder in "EchoBeat" target */,
			);
			path = EchoBeat;
			sourceTree = "<group>";
		};
		FE6D01E22D7F8152006E96F9 /* EchoBeatTests */ = {
			isa = PBXFileSystemSynchronizedRootGroup;
			path = EchoBeatTests;
			sourceTree = "<group>";
		};
		FE6D01EC2D7F8152006E96F9 /* EchoBeatUITests */ = {
			isa = PBXFileSystemSynchronizedRootGroup;
			path = EchoBeatUITests;
			sourceTree = "<group>";
		};
/* End PBXFileSystemSynchronizedRootGroup section */

/* Begin PBXFrameworksBuildPhase section */
		FE6D01C62D7F8152006E96F9 /* Frameworks */ = {
			isa = PBXFrameworksBuildPhase;
			buildActionMask = 2147483647;
			files = (
			);
			runOnlyForDeploymentPostprocessing = 0;
		};
		FE6D01DC2D7F8152006E96F9 /* Frameworks */ = {
			isa = PBXFrameworksBuildPhase;
			buildActionMask = 2147483647;
			files = (
			);
			runOnlyForDeploymentPostprocessing = 0;
		};
		FE6D01E62D7F8152006E96F9 /* Frameworks */ = {
			isa = PBXFrameworksBuildPhase;
			buildActionMask = 2147483647;
			files = (
			);
			runOnlyForDeploymentPostprocessing = 0;
		};
/* End PBXFrameworksBuildPhase section */

/* Begin PBXGroup section */
		FE6D01C02D7F8152006E96F9 = {
			isa = PBXGroup;
			children = (
				FE6D01CB2D7F8152006E96F9 /* EchoBeat */,
				FE6D01E22D7F8152006E96F9 /* EchoBeatTests */,
				FE6D01EC2D7F8152006E96F9 /* EchoBeatUITests */,
				FE6D01CA2D7F8152006E96F9 /* Products */,
			);
			sourceTree = "<group>";
		};
		FE6D01CA2D7F8152006E96F9 /* Products */ = {
			isa = PBXGroup;
			children = (
				FE6D01C92D7F8152006E96F9 /* EchoBeat.app */,
				FE6D01DF2D7F8152006E96F9 /* EchoBeatTests.xctest */,
				FE6D01E92D7F8152006E96F9 /* EchoBeatUITests.xctest */,
			);
			name = Products;
			sourceTree = "<group>";
		};
/* End PBXGroup section */

/* Begin PBXNativeTarget section */
		FE6D01C82D7F8152006E96F9 /* EchoBeat */ = {
			isa = PBXNativeTarget;
			buildConfigurationList = FE6D01F22D7F8152006E96F9 /* Build configuration list for PBXNativeTarget "EchoBeat" */;
			buildPhases = (
				FE6D01C52D7F8152006E96F9 /* Sources */,
				FE6D01C62D7F8152006E96F9 /* Frameworks */,
				FE6D01C72D7F8152006E96F9 /* Resources */,
			);
			buildRules = (
			);
			dependencies = (
			);
			fileSystemSynchronizedGroups = (
				FE6D01CB2D7F8152006E96F9 /* EchoBeat */,
			);
			name = EchoBeat;
			packageProductDependencies = (
			);
			productName = EchoBeat;
			productReference = FE6D01C92D7F8152006E96F9 /* EchoBeat.app */;
			productType = "com.apple.product-type.application";
		};
		FE6D01DE2D7F8152006E96F9 /* EchoBeatTests */ = {
			isa = PBXNativeTarget;
			buildConfigurationList = FE6D01F72D7F8152006E96F9 /* Build configuration list for PBXNativeTarget "EchoBeatTests" */;
			buildPhases = (
				FE6D01DB2D7F8152006E96F9 /* Sources */,
				FE6D01DC2D7F8152006E96F9 /* Frameworks */,
				FE6D01DD2D7F8152006E96F9 /* Resources */,
			);
			buildRules = (
			);
			dependencies = (
				FE6D01E12D7F8152006E96F9 /* PBXTargetDependency */,
			);
			fileSystemSynchronizedGroups = (
				FE6D01E22D7F8152006E96F9 /* EchoBeatTests */,
			);
			name = EchoBeatTests;
			packageProductDependencies = (
			);
			productName = EchoBeatTests;
			productReference = FE6D01DF2D7F8152006E96F9 /* EchoBeatTests.xctest */;
			productType = "com.apple.product-type.bundle.unit-test";
		};
		FE6D01E82D7F8152006E96F9 /* EchoBeatUITests */ = {
			isa = PBXNativeTarget;
			buildConfigurationList = FE6D01FA2D7F8152006E96F9 /* Build configuration list for PBXNativeTarget "EchoBeatUITests" */;
			buildPhases = (
				FE6D01E52D7F8152006E96F9 /* Sources */,
				FE6D01E62D7F8152006E96F9 /* Frameworks */,
				FE6D01E72D7F8152006E96F9 /* Resources */,
			);
			buildRules = (
			);
			dependencies = (
				FE6D01EB2D7F8152006E96F9 /* PBXTargetDependency */,
			);
			fileSystemSynchronizedGroups = (
				FE6D01EC2D7F8152006E96F9 /* EchoBeatUITests */,
			);
			name = EchoBeatUITests;
			packageProductDependencies = (
			);
			productName = EchoBeatUITests;
			productReference = FE6D01E92D7F8152006E96F9 /* EchoBeatUITests.xctest */;
			productType = "com.apple.product-type.bundle.ui-testing";
		};
/* End PBXNativeTarget section */

/* Begin PBXProject section */
		FE6D01C12D7F8152006E96F9 /* Project object */ = {
			isa = PBXProject;
			attributes = {
				BuildIndependentTargetsInParallel = 1;
				LastSwiftUpdateCheck = 1620;
				LastUpgradeCheck = 1620;
				TargetAttributes = {
					FE6D01C82D7F8152006E96F9 = {
						CreatedOnToolsVersion = 16.2;
					};
					FE6D01DE2D7F8152006E96F9 = {
						CreatedOnToolsVersion = 16.2;
						TestTargetID = FE6D01C82D7F8152006E96F9;
					};
					FE6D01E82D7F8152006E96F9 = {
						CreatedOnToolsVersion = 16.2;
						TestTargetID = FE6D01C82D7F8152006E96F9;
					};
				};
			};
			buildConfigurationList = FE6D01C42D7F8152006E96F9 /* Build configuration list for PBXProject "EchoBeat" */;
			developmentRegion = en;
			hasScannedForEncodings = 0;
			knownRegions = (
				en,
				Base,
			);
			mainGroup = FE6D01C02D7F8152006E96F9;
			minimizedProjectReferenceProxies = 1;
			preferredProjectObjectVersion = 77;
			productRefGroup = FE6D01CA2D7F8152006E96F9 /* Products */;
			projectDirPath = "";
			projectRoot = "";
			targets = (
				FE6D01C82D7F8152006E96F9 /* EchoBeat */,
				FE6D01DE2D7F8152006E96F9 /* EchoBeatTests */,
				FE6D01E82D7F8152006E96F9 /* EchoBeatUITests */,
			);
		};
/* End PBXProject section */

/* Begin PBXResourcesBuildPhase section */
		FE6D01C72D7F8152006E96F9 /* Resources */ = {
			isa = PBXResourcesBuildPhase;
			buildActionMask = 2147483647;
			files = (
			);
			runOnlyForDeploymentPostprocessing = 0;
		};
		FE6D01DD2D7F8152006E96F9 /* Resources */ = {
			isa = PBXResourcesBuildPhase;
			buildActionMask = 2147483647;
			files = (
			);
			runOnlyForDeploymentPostprocessing = 0;
		};
		FE6D01E72D7F8152006E96F9 /* Resources */ = {
			isa = PBXResourcesBuildPhase;
			buildActionMask = 2147483647;
			files = (
			);
			runOnlyForDeploymentPostprocessing = 0;
		};
/* End PBXResourcesBuildPhase section */

/* Begin PBXSourcesBuildPhase section */
		FE6D01C52D7F8152006E96F9 /* Sources */ = {
			isa = PBXSourcesBuildPhase;
			buildActionMask = 2147483647;
			files = (
			);
			runOnlyForDeploymentPostprocessing = 0;
		};
		FE6D01DB2D7F8152006E96F9 /* Sources */ = {
			isa = PBXSourcesBuildPhase;
			buildActionMask = 2147483647;
			files = (
			);
			runOnlyForDeploymentPostprocessing = 0;
		};
		FE6D01E52D7F8152006E96F9 /* Sources */ = {
			isa = PBXSourcesBuildPhase;
			buildActionMask = 2147483647;
			files = (
			);
			runOnlyForDeploymentPostprocessing = 0;
		};
/* End PBXSourcesBuildPhase section */

/* Begin PBXTargetDependency section */
		FE6D01E12D7F8152006E96F9 /* PBXTargetDependency */ = {
			isa = PBXTargetDependency;
			target = FE6D01C82D7F8152006E96F9 /* EchoBeat */;
			targetProxy = FE6D01E02D7F8152006E96F9 /* PBXContainerItemProxy */;
		};
		FE6D01EB2D7F8152006E96F9 /* PBXTargetDependency */ = {
			isa = PBXTargetDependency;
			target = FE6D01C82D7F8152006E96F9 /* EchoBeat */;
			targetProxy = FE6D01EA2D7F8152006E96F9 /* PBXContainerItemProxy */;
		};
/* End PBXTargetDependency section */

/* Begin XCBuildConfiguration section */
		FE6D01F32D7F8152006E96F9 /* Debug */ = {
			isa = XCBuildConfiguration;
			buildSettings = {
				ASSETCATALOG_COMPILER_APPICON_NAME = AppIcon;
				ASSETCATALOG_COMPILER_GLOBAL_ACCENT_COLOR_NAME = AccentColor;
				CODE_SIGN_STYLE = Automatic;
				CURRENT_PROJECT_VERSION = 1;
				DEVELOPMENT_TEAM = VJZ5H8F7D5;
				GENERATE_INFOPLIST_FILE = YES;
				INFOPLIST_FILE = EchoBeat/Info.plist;
				INFOPLIST_KEY_UIApplicationSupportsIndirectInputEvents = YES;
				INFOPLIST_KEY_UILaunchStoryboardName = LaunchScreen;
				INFOPLIST_KEY_UIMainStoryboardFile = Main;
				INFOPLIST_KEY_UISupportedInterfaceOrientations = UIInterfaceOrientationPortrait;
				INFOPLIST_KEY_UISupportedInterfaceOrientations_iPad = "UIInterfaceOrientationLandscapeLeft UIInterfaceOrientationLandscapeRight UIInterfaceOrientationPortrait UIInterfaceOrientationPortraitUpsideDown";
				LD_RUNPATH_SEARCH_PATHS = (
					"$(inherited)",
					"@executable_path/Frameworks",
				);
				MARKETING_VERSION = 1.0;
				PRODUCT_BUNDLE_IDENTIFIER = com.adrian.EchoBeat;
				PRODUCT_NAME = "$(TARGET_NAME)";
				SWIFT_EMIT_LOC_STRINGS = YES;
				SWIFT_VERSION = 5.0;
				TARGETED_DEVICE_FAMILY = "1,2";
			};
			name = Debug;
		};
		FE6D01F42D7F8152006E96F9 /* Release */ = {
			isa = XCBuildConfiguration;
			buildSettings = {
				ASSETCATALOG_COMPILER_APPICON_NAME = AppIcon;
				ASSETCATALOG_COMPILER_GLOBAL_ACCENT_COLOR_NAME = AccentColor;
				CODE_SIGN_STYLE = Automatic;
				CURRENT_PROJECT_VERSION = 1;
				DEVELOPMENT_TEAM = VJZ5H8F7D5;
				GENERATE_INFOPLIST_FILE = YES;
				INFOPLIST_FILE = EchoBeat/Info.plist;
				INFOPLIST_KEY_UIApplicationSupportsIndirectInputEvents = YES;
				INFOPLIST_KEY_UILaunchStoryboardName = LaunchScreen;
				INFOPLIST_KEY_UIMainStoryboardFile = Main;
				INFOPLIST_KEY_UISupportedInterfaceOrientations = UIInterfaceOrientationPortrait;
				INFOPLIST_KEY_UISupportedInterfaceOrientations_iPad = "UIInterfaceOrientationLandscapeLeft UIInterfaceOrientationLandscapeRight UIInterfaceOrientationPortrait UIInterfaceOrientationPortraitUpsideDown";
				LD_RUNPATH_SEARCH_PATHS = (
					"$(inherited)",
					"@executable_path/Frameworks",
				);
				MARKETING_VERSION = 1.0;
				PRODUCT_BUNDLE_IDENTIFIER = com.adrian.EchoBeat;
				PRODUCT_NAME = "$(TARGET_NAME)";
				SWIFT_EMIT_LOC_STRINGS = YES;
				SWIFT_VERSION = 5.0;
				TARGETED_DEVICE_FAMILY = "1,2";
			};
			name = Release;
		};
		FE6D01F52D7F8152006E96F9 /* Debug */ = {
			isa = XCBuildConfiguration;
			buildSettings = {
				ALWAYS_SEARCH_USER_PATHS = NO;
				ASSETCATALOG_COMPILER_GENERATE_SWIFT_ASSET_SYMBOL_EXTENSIONS = YES;
				CLANG_ANALYZER_NONNULL = YES;
				CLANG_ANALYZER_NUMBER_OBJECT_CONVERSION = YES_AGGRESSIVE;
				CLANG_CXX_LANGUAGE_STANDARD = "gnu++20";
				CLANG_ENABLE_MODULES = YES;
				CLANG_ENABLE_OBJC_ARC = YES;
				CLANG_ENABLE_OBJC_WEAK = YES;
				CLANG_WARN_BLOCK_CAPTURE_AUTORELEASING = YES;
				CLANG_WARN_BOOL_CONVERSION = YES;
				CLANG_WARN_COMMA = YES;
				CLANG_WARN_CONSTANT_CONVERSION = YES;
				CLANG_WARN_DEPRECATED_OBJC_IMPLEMENTATIONS = YES;
				CLANG_WARN_DIRECT_OBJC_ISA_USAGE = YES_ERROR;
				CLANG_WARN_DOCUMENTATION_COMMENTS = YES;
				CLANG_WARN_EMPTY_BODY = YES;
				CLANG_WARN_ENUM_CONVERSION = YES;
				CLANG_WARN_INFINITE_RECURSION = YES;
				CLANG_WARN_INT_CONVERSION = YES;
				CLANG_WARN_NON_LITERAL_NULL_CONVERSION = YES;
				CLANG_WARN_OBJC_IMPLICIT_RETAIN_SELF = YES;
				CLANG_WARN_OBJC_LITERAL_CONVERSION = YES;
				CLANG_WARN_OBJC_ROOT_CLASS = YES_ERROR;
				CLANG_WARN_QUOTED_INCLUDE_IN_FRAMEWORK_HEADER = YES;
				CLANG_WARN_RANGE_LOOP_ANALYSIS = YES;
				CLANG_WARN_STRICT_PROTOTYPES = YES;
				CLANG_WARN_SUSPICIOUS_MOVE = YES;
				CLANG_WARN_UNGUARDED_AVAILABILITY = YES_AGGRESSIVE;
				CLANG_WARN_UNREACHABLE_CODE = YES;
				CLANG_WARN__DUPLICATE_METHOD_MATCH = YES;
				COPY_PHASE_STRIP = NO;
				DEBUG_INFORMATION_FORMAT = dwarf;
				ENABLE_STRICT_OBJC_MSGSEND = YES;
				ENABLE_TESTABILITY = YES;
				ENABLE_USER_SCRIPT_SANDBOXING = YES;
				GCC_C_LANGUAGE_STANDARD = gnu17;
				GCC_DYNAMIC_NO_PIC = NO;
				GCC_NO_COMMON_BLOCKS = YES;
				GCC_OPTIMIZATION_LEVEL = 0;
				GCC_PREPROCESSOR_DEFINITIONS = (
					"DEBUG=1",
					"$(inherited)",
				);
				GCC_WARN_64_TO_32_BIT_CONVERSION = YES;
				GCC_WARN_ABOUT_RETURN_TYPE = YES_ERROR;
				GCC_WARN_UNDECLARED_SELECTOR = YES;
				GCC_WARN_UNINITIALIZED_AUTOS = YES_AGGRESSIVE;
				GCC_WARN_UNUSED_FUNCTION = YES;
				GCC_WARN_UNUSED_VARIABLE = YES;
				IPHONEOS_DEPLOYMENT_TARGET = 18.2;
				LOCALIZATION_PREFERS_STRING_CATALOGS = YES;
				MTL_ENABLE_DEBUG_INFO = INCLUDE_SOURCE;
				MTL_FAST_MATH = YES;
				ONLY_ACTIVE_ARCH = YES;
				SDKROOT = iphoneos;
				SWIFT_ACTIVE_COMPILATION_CONDITIONS = "DEBUG $(inherited)";
				SWIFT_OPTIMIZATION_LEVEL = "-Onone";
			};
			name = Debug;
		};
		FE6D01F62D7F8152006E96F9 /* Release */ = {
			isa = XCBuildConfiguration;
			buildSettings = {
				ALWAYS_SEARCH_USER_PATHS = NO;
				ASSETCATALOG_COMPILER_GENERATE_SWIFT_ASSET_SYMBOL_EXTENSIONS = YES;
				CLANG_ANALYZER_NONNULL = YES;
				CLANG_ANALYZER_NUMBER_OBJECT_CONVERSION = YES_AGGRESSIVE;
				CLANG_CXX_LANGUAGE_STANDARD = "gnu++20";
				CLANG_ENABLE_MODULES = YES;
				CLANG_ENABLE_OBJC_ARC = YES;
				CLANG_ENABLE_OBJC_WEAK = YES;
				CLANG_WARN_BLOCK_CAPTURE_AUTORELEASING = YES;
				CLANG_WARN_BOOL_CONVERSION = YES;
				CLANG_WARN_COMMA = YES;
				CLANG_WARN_CONSTANT_CONVERSION = YES;
				CLANG_WARN_DEPRECATED_OBJC_IMPLEMENTATIONS = YES;
				CLANG_WARN_DIRECT_OBJC_ISA_USAGE = YES_ERROR;
				CLANG_WARN_DOCUMENTATION_COMMENTS = YES;
				CLANG_WARN_EMPTY_BODY = YES;
				CLANG_WARN_ENUM_CONVERSION = YES;
				CLANG_WARN_INFINITE_RECURSION = YES;
				CLANG_WARN_INT_CONVERSION = YES;
				CLANG_WARN_NON_LITERAL_NULL_CONVERSION = YES;
				CLANG_WARN_OBJC_IMPLICIT_RETAIN_SELF = YES;
				CLANG_WARN_OBJC_LITERAL_CONVERSION = YES;
				CLANG_WARN_OBJC_ROOT_CLASS = YES_ERROR;
				CLANG_WARN_QUOTED_INCLUDE_IN_FRAMEWORK_HEADER = YES;
				CLANG_WARN_RANGE_LOOP_ANALYSIS = YES;
				CLANG_WARN_STRICT_PROTOTYPES = YES;
				CLANG_WARN_SUSPICIOUS_MOVE = YES;
				CLANG_WARN_UNGUARDED_AVAILABILITY = YES_AGGRESSIVE;
				CLANG_WARN_UNREACHABLE_CODE = YES;
				CLANG_WARN__DUPLICATE_METHOD_MATCH = YES;
				COPY_PHASE_STRIP = NO;
				DEBUG_INFORMATION_FORMAT = "dwarf-with-dsym";
				ENABLE_NS_ASSERTIONS = NO;
				ENABLE_STRICT_OBJC_MSGSEND = YES;
				ENABLE_USER_SCRIPT_SANDBOXING = YES;
				GCC_C_LANGUAGE_STANDARD = gnu17;
				GCC_NO_COMMON_BLOCKS = YES;
				GCC_WARN_64_TO_32_BIT_CONVERSION = YES;
				GCC_WARN_ABOUT_RETURN_TYPE = YES_ERROR;
				GCC_WARN_UNDECLARED_SELECTOR = YES;
				GCC_WARN_UNINITIALIZED_AUTOS = YES_AGGRESSIVE;
				GCC_WARN_UNUSED_FUNCTION = YES;
				GCC_WARN_UNUSED_VARIABLE = YES;
				IPHONEOS_DEPLOYMENT_TARGET = 18.2;
				LOCALIZATION_PREFERS_STRING_CATALOGS = YES;
				MTL_ENABLE_DEBUG_INFO = NO;
				MTL_FAST_MATH = YES;
				SDKROOT = iphoneos;
				SWIFT_COMPILATION_MODE = wholemodule;
				VALIDATE_PRODUCT = YES;
			};
			name = Release;
		};
		FE6D01F82D7F8152006E96F9 /* Debug */ = {
			isa = XCBuildConfiguration;
			buildSettings = {
				BUNDLE_LOADER = "$(TEST_HOST)";
				CODE_SIGN_STYLE = Automatic;
				CURRENT_PROJECT_VERSION = 1;
				GENERATE_INFOPLIST_FILE = YES;
				IPHONEOS_DEPLOYMENT_TARGET = 18.2;
				MARKETING_VERSION = 1.0;
				PRODUCT_BUNDLE_IDENTIFIER = com.adrian.EchoBeatTests;
				PRODUCT_NAME = "$(TARGET_NAME)";
				SWIFT_EMIT_LOC_STRINGS = NO;
				SWIFT_VERSION = 5.0;
				TARGETED_DEVICE_FAMILY = "1,2";
				TEST_HOST = "$(BUILT_PRODUCTS_DIR)/EchoBeat.app/$(BUNDLE_EXECUTABLE_FOLDER_PATH)/EchoBeat";
			};
			name = Debug;
		};
		FE6D01F92D7F8152006E96F9 /* Release */ = {
			isa = XCBuildConfiguration;
			buildSettings = {
				BUNDLE_LOADER = "$(TEST_HOST)";
				CODE_SIGN_STYLE = Automatic;
				CURRENT_PROJECT_VERSION = 1;
				GENERATE_INFOPLIST_FILE = YES;
				IPHONEOS_DEPLOYMENT_TARGET = 18.2;
				MARKETING_VERSION = 1.0;
				PRODUCT_BUNDLE_IDENTIFIER = com.adrian.EchoBeatTests;
				PRODUCT_NAME = "$(TARGET_NAME)";
				SWIFT_EMIT_LOC_STRINGS = NO;
				SWIFT_VERSION = 5.0;
				TARGETED_DEVICE_FAMILY = "1,2";
				TEST_HOST = "$(BUILT_PRODUCTS_DIR)/EchoBeat.app/$(BUNDLE_EXECUTABLE_FOLDER_PATH)/EchoBeat";
			};
			name = Release;
		};
		FE6D01FB2D7F8152006E96F9 /* Debug */ = {
			isa = XCBuildConfiguration;
			buildSettings = {
				CODE_SIGN_STYLE = Automatic;
				CURRENT_PROJECT_VERSION = 1;
				GENERATE_INFOPLIST_FILE = YES;
				MARKETING_VERSION = 1.0;
				PRODUCT_BUNDLE_IDENTIFIER = com.adrian.EchoBeatUITests;
				PRODUCT_NAME = "$(TARGET_NAME)";
				SWIFT_EMIT_LOC_STRINGS = NO;
				SWIFT_VERSION = 5.0;
				TARGETED_DEVICE_FAMILY = "1,2";
				TEST_TARGET_NAME = EchoBeat;
			};
			name = Debug;
		};
		FE6D01FC2D7F8152006E96F9 /* Release */ = {
			isa = XCBuildConfiguration;
			buildSettings = {
				CODE_SIGN_STYLE = Automatic;
				CURRENT_PROJECT_VERSION = 1;
				GENERATE_INFOPLIST_FILE = YES;
				MARKETING_VERSION = 1.0;
				PRODUCT_BUNDLE_IDENTIFIER = com.adrian.EchoBeatUITests;
				PRODUCT_NAME = "$(TARGET_NAME)";
				SWIFT_EMIT_LOC_STRINGS = NO;
				SWIFT_VERSION = 5.0;
				TARGETED_DEVICE_FAMILY = "1,2";
				TEST_TARGET_NAME = EchoBeat;
			};
			name = Release;
		};
/* End XCBuildConfiguration section */

/* Begin XCConfigurationList section */
		FE6D01C42D7F8152006E96F9 /* Build configuration list for PBXProject "EchoBeat" */ = {
			isa = XCConfigurationList;
			buildConfigurations = (
				FE6D01F52D7F8152006E96F9 /* Debug */,
				FE6D01F62D7F8152006E96F9 /* Release */,
			);
			defaultConfigurationIsVisible = 0;
			defaultConfigurationName = Release;
		};
		FE6D01F22D7F8152006E96F9 /* Build configuration list for PBXNativeTarget "EchoBeat" */ = {
			isa = XCConfigurationList;
			buildConfigurations = (
				FE6D01F32D7F8152006E96F9 /* Debug */,
				FE6D01F42D7F8152006E96F9 /* Release */,
			);
			defaultConfigurationIsVisible = 0;
			defaultConfigurationName = Release;
		};
		FE6D01F72D7F8152006E96F9 /* Build configuration list for PBXNativeTarget "EchoBeatTests" */ = {
			isa = XCConfigurationList;
			buildConfigurations = (
				FE6D01F82D7F8152006E96F9 /* Debug */,
				FE6D01F92D7F8152006E96F9 /* Release */,
			);
			defaultConfigurationIsVisible = 0;
			defaultConfigurationName = Release;
		};
		FE6D01FA2D7F8152006E96F9 /* Build configuration list for PBXNativeTarget "EchoBeatUITests" */ = {
			isa = XCConfigurationList;
			buildConfigurations = (
				FE6D01FB2D7F8152006E96F9 /* Debug */,
				FE6D01FC2D7F8152006E96F9 /* Release */,
			);
			defaultConfigurationIsVisible = 0;
			defaultConfigurationName = Release;
		};
/* End XCConfigurationList section */
	};
	rootObject = FE6D01C12D7F8152006E96F9 /* Project object */;
}
